
Microsoft Visual Studio Solution File, Format Version 12.00
# Visual Studio 15
VisualStudioVersion = 15.0.27703.2026
MinimumVisualStudioVersion = 10.0.40219.1
Project("{FAE04EC0-301F-11D3-BF4B-00C04F79EFBC}") = "GuessTheNumber", "GuessTheNumber\GuessTheNumber.csproj", "{8D3E92CF-6589-4309-BEBA-F8F18304F175}"
EndProject
Global
	GlobalSection(SolutionConfigurationPlatforms) = preSolution
		Debug|Any CPU = Debug|Any CPU
		Release|Any CPU = Release|Any CPU
	EndGlobalSection
	GlobalSection(ProjectConfigurationPlatforms) = postSolution
		{8D3E92CF-6589-4309-BEBA-F8F18304F175}.Debug|Any CPU.ActiveCfg = Debug|Any CPU
		{8D3E92CF-6589-4309-BEBA-F8F18304F175}.Debug|Any CPU.Build.0 = Debug|Any CPU
		{8D3E92CF-6589-4309-BEBA-F8F18304F175}.Release|Any CPU.ActiveCfg = Release|Any CPU
		{8D3E92CF-6589-4309-BEBA-F8F18304F175}.Release|Any CPU.Build.0 = Release|Any CPU
	EndGlobalSection
	GlobalSection(SolutionProperties) = preSolution
		HideSolutionNode = FALSE
	EndGlobalSection
	GlobalSection(ExtensibilityGlobals) = postSolution
		SolutionGuid = {997573D7-A99A-44F9-A433-E0D5E9C00276}
	EndGlobalSection
EndGlobal
